
Microsoft Visual Studio Solution File, Format Version 12.00
# Visual Studio Version 17
VisualStudioVersion = 17.11.35222.181
MinimumVisualStudioVersion = 10.0.40219.1
Project("{FAE04EC0-301F-11D3-BF4B-00C04F79EFBC}") = "wmibrowser", "wmibrowser\wmibrowser.csproj", "{F12E02BB-122B-444D-ACAB-FA20328FFCC4}"
EndProject
Global
	GlobalSection(SolutionConfigurationPlatforms) = preSolution
		Debug|Any CPU = Debug|Any CPU
		Release|Any CPU = Release|Any CPU
	EndGlobalSection
	GlobalSection(ProjectConfigurationPlatforms) = postSolution
		{F12E02BB-122B-444D-ACAB-FA20328FFCC4}.Debug|Any CPU.ActiveCfg = Debug|Any CPU
		{F12E02BB-122B-444D-ACAB-FA20328FFCC4}.Debug|Any CPU.Build.0 = Debug|Any CPU
		{F12E02BB-122B-444D-ACAB-FA20328FFCC4}.Release|Any CPU.ActiveCfg = Release|Any CPU
		{F12E02BB-122B-444D-ACAB-FA20328FFCC4}.Release|Any CPU.Build.0 = Release|Any CPU
	EndGlobalSection
	GlobalSection(SolutionProperties) = preSolution
		HideSolutionNode = FALSE
	EndGlobalSection
	GlobalSection(ExtensibilityGlobals) = postSolution
		SolutionGuid = {447DCA2C-5A18-48DB-9372-859E9C2B6922}
	EndGlobalSection
EndGlobal
